
Microsoft Visual Studio Solution File, Format Version 12.00
Project("{FAE04EC0-301F-11D3-BF4B-00C04F79EFBC}") = "Playground", "Playground\Playground.csproj", "{1B5E5676-5564-4864-8C05-70C029321FAA}"
EndProject
Global
	GlobalSection(SolutionConfigurationPlatforms) = preSolution
		Debug|Any CPU = Debug|Any CPU
		Release|Any CPU = Release|Any CPU
	EndGlobalSection
	GlobalSection(ProjectConfigurationPlatforms) = postSolution
		{1B5E5676-5564-4864-8C05-70C029321FAA}.Debug|Any CPU.ActiveCfg = Debug|Any CPU
		{1B5E5676-5564-4864-8C05-70C029321FAA}.Debug|Any CPU.Build.0 = Debug|Any CPU
		{1B5E5676-5564-4864-8C05-70C029321FAA}.Release|Any CPU.ActiveCfg = Release|Any CPU
		{1B5E5676-5564-4864-8C05-70C029321FAA}.Release|Any CPU.Build.0 = Release|Any CPU
	EndGlobalSection
EndGlobal
